
Microsoft Visual Studio Solution File, Format Version 12.00
# Visual Studio 2017
Project("{FAE04EC0-301F-11D3-BF4B-00C04F79EFBC}") = "Boom Goes The Tank Shell", "Boom Goes The Tank Shell.csproj", "{A7E7409D-5759-9859-9E5E-A814AD5C244A}"
EndProject
Global
	GlobalSection(SolutionConfigurationPlatforms) = preSolution
		Debug|Any CPU = Debug|Any CPU
		Release|Any CPU = Release|Any CPU
	EndGlobalSection
	GlobalSection(ProjectConfigurationPlatforms) = postSolution
		{A7E7409D-5759-9859-9E5E-A814AD5C244A}.Debug|Any CPU.ActiveCfg = Debug|Any CPU
		{A7E7409D-5759-9859-9E5E-A814AD5C244A}.Debug|Any CPU.Build.0 = Debug|Any CPU
		{A7E7409D-5759-9859-9E5E-A814AD5C244A}.Release|Any CPU.ActiveCfg = Release|Any CPU
		{A7E7409D-5759-9859-9E5E-A814AD5C244A}.Release|Any CPU.Build.0 = Release|Any CPU
	EndGlobalSection
	GlobalSection(SolutionProperties) = preSolution
		HideSolutionNode = FALSE
	EndGlobalSection
EndGlobal
